// !$*UTF8*$!
{
	archiveVersion = 1;
	classes = {
	};
	objectVersion = 46;
	objects = {

/* Begin PBXBuildFile section */
		753F89B7B93D88F4CFE8E883 /* Pods_GifCaptureUITests.framework in Frameworks */ = {isa = PBXBuildFile; fileRef = A4013FD43AD6C3CA427065F8 /* Pods_GifCaptureUITests.framework */; };
		D200EEA41E6CA2F000885DBF /* CameraMan.swift in Sources */ = {isa = PBXBuildFile; fileRef = D200EE991E6CA2F000885DBF /* CameraMan.swift */; };
		D200EEA51E6CA2F000885DBF /* Saver.swift in Sources */ = {isa = PBXBuildFile; fileRef = D200EE9A1E6CA2F000885DBF /* Saver.swift */; };
		D200EEA61E6CA2F000885DBF /* State.swift in Sources */ = {isa = PBXBuildFile; fileRef = D200EE9B1E6CA2F000885DBF /* State.swift */; };
		D200EEA71E6CA2F000885DBF /* Window+Extensions.swift in Sources */ = {isa = PBXBuildFile; fileRef = D200EE9D1E6CA2F000885DBF /* Window+Extensions.swift */; };
		D200EEA81E6CA2F000885DBF /* MainViewController.swift in Sources */ = {isa = PBXBuildFile; fileRef = D200EE9F1E6CA2F000885DBF /* MainViewController.swift */; };
		D200EEA91E6CA2F000885DBF /* Config.swift in Sources */ = {isa = PBXBuildFile; fileRef = D200EEA21E6CA2F000885DBF /* Config.swift */; };
		D200EEAA1E6CA2F000885DBF /* Utils.swift in Sources */ = {isa = PBXBuildFile; fileRef = D200EEA31E6CA2F000885DBF /* Utils.swift */; };
		D207442E1E6E102F0031819D /* Preferences.storyboard in Resources */ = {isa = PBXBuildFile; fileRef = D207442D1E6E102F0031819D /* Preferences.storyboard */; };
		D20744371E6E1A000031819D /* LoadingIndicator.swift in Sources */ = {isa = PBXBuildFile; fileRef = D20744361E6E1A000031819D /* LoadingIndicator.swift */; };
		D20CD8401E675E6100DB57D0 /* AppDelegate.swift in Sources */ = {isa = PBXBuildFile; fileRef = D20CD83F1E675E6100DB57D0 /* AppDelegate.swift */; };
		D20CD8441E675E6100DB57D0 /* Assets.xcassets in Resources */ = {isa = PBXBuildFile; fileRef = D20CD8431E675E6100DB57D0 /* Assets.xcassets */; };
		D20CD8471E675E6100DB57D0 /* Main.storyboard in Resources */ = {isa = PBXBuildFile; fileRef = D20CD8451E675E6100DB57D0 /* Main.storyboard */; };
		D20CD8521E675E6100DB57D0 /* GifCaptureTests.swift in Sources */ = {isa = PBXBuildFile; fileRef = D20CD8511E675E6100DB57D0 /* GifCaptureTests.swift */; };
		D20CD85D1E675E6100DB57D0 /* GifCaptureUITests.swift in Sources */ = {isa = PBXBuildFile; fileRef = D20CD85C1E675E6100DB57D0 /* GifCaptureUITests.swift */; };
		D26E16441E6CB136002454A9 /* PreferencesViewController.swift in Sources */ = {isa = PBXBuildFile; fileRef = D26E16431E6CB136002454A9 /* PreferencesViewController.swift */; };
		D2D714001EE053010028611E /* MainWindowController.swift in Sources */ = {isa = PBXBuildFile; fileRef = D2D713FF1EE053010028611E /* MainWindowController.swift */; };
		E2221D6DF71019C7FA233B28 /* Pods_GifCapture.framework in Frameworks */ = {isa = PBXBuildFile; fileRef = 7DC4A9D56F79C553C701FEA8 /* Pods_GifCapture.framework */; };
		FF6AF4B1B295F6EE41AFA87F /* Pods_GifCaptureTests.framework in Frameworks */ = {isa = PBXBuildFile; fileRef = 91867EE54E45E197AAAB2E98 /* Pods_GifCaptureTests.framework */; };
/* End PBXBuildFile section */

/* Begin PBXContainerItemProxy section */
		D20CD84E1E675E6100DB57D0 /* PBXContainerItemProxy */ = {
			isa = PBXContainerItemProxy;
			containerPortal = D20CD8341E675E6100DB57D0 /* Project object */;
			proxyType = 1;
			remoteGlobalIDString = D20CD83B1E675E6100DB57D0;
			remoteInfo = GifCapture;
		};
		D20CD8591E675E6100DB57D0 /* PBXContainerItemProxy */ = {
			isa = PBXContainerItemProxy;
			containerPortal = D20CD8341E675E6100DB57D0 /* Project object */;
			proxyType = 1;
			remoteGlobalIDString = D20CD83B1E675E6100DB57D0;
			remoteInfo = GifCapture;
		};
/* End PBXContainerItemProxy section */

/* Begin PBXFileReference section */
		2B2523A937D9CBBE1B82A712 /* Pods-GifCaptureUITests.release.xcconfig */ = {isa = PBXFileReference; includeInIndex = 1; lastKnownFileType = text.xcconfig; name = "Pods-GifCaptureUITests.release.xcconfig"; path = "Pods/Target Support Files/Pods-GifCaptureUITests/Pods-GifCaptureUITests.release.xcconfig"; sourceTree = "<group>"; };
		565F8D412AFA5B3231244FC8 /* Pods-GifCaptureTests.debug.xcconfig */ = {isa = PBXFileReference; includeInIndex = 1; lastKnownFileType = text.xcconfig; name = "Pods-GifCaptureTests.debug.xcconfig"; path = "Pods/Target Support Files/Pods-GifCaptureTests/Pods-GifCaptureTests.debug.xcconfig"; sourceTree = "<group>"; };
		5A63DE095C30461F3A77D650 /* Pods-GifCaptureUITests.debug.xcconfig */ = {isa = PBXFileReference; includeInIndex = 1; lastKnownFileType = text.xcconfig; name = "Pods-GifCaptureUITests.debug.xcconfig"; path = "Pods/Target Support Files/Pods-GifCaptureUITests/Pods-GifCaptureUITests.debug.xcconfig"; sourceTree = "<group>"; };
		60D6F78C276C230867BD2300 /* Pods-GifCapture.debug.xcconfig */ = {isa = PBXFileReference; includeInIndex = 1; lastKnownFileType = text.xcconfig; name = "Pods-GifCapture.debug.xcconfig"; path = "Pods/Target Support Files/Pods-GifCapture/Pods-GifCapture.debug.xcconfig"; sourceTree = "<group>"; };
		7DC4A9D56F79C553C701FEA8 /* Pods_GifCapture.framework */ = {isa = PBXFileReference; explicitFileType = wrapper.framework; includeInIndex = 0; path = Pods_GifCapture.framework; sourceTree = BUILT_PRODUCTS_DIR; };
		91867EE54E45E197AAAB2E98 /* Pods_GifCaptureTests.framework */ = {isa = PBXFileReference; explicitFileType = wrapper.framework; includeInIndex = 0; path = Pods_GifCaptureTests.framework; sourceTree = BUILT_PRODUCTS_DIR; };
		9AE5F426746B05510203A0AF /* Pods-GifCapture.release.xcconfig */ = {isa = PBXFileReference; includeInIndex = 1; lastKnownFileType = text.xcconfig; name = "Pods-GifCapture.release.xcconfig"; path = "Pods/Target Support Files/Pods-GifCapture/Pods-GifCapture.release.xcconfig"; sourceTree = "<group>"; };
		A4013FD43AD6C3CA427065F8 /* Pods_GifCaptureUITests.framework */ = {isa = PBXFileReference; explicitFileType = wrapper.framework; includeInIndex = 0; path = Pods_GifCaptureUITests.framework; sourceTree = BUILT_PRODUCTS_DIR; };
		D200EE991E6CA2F000885DBF /* CameraMan.swift */ = {isa = PBXFileReference; fileEncoding = 4; lastKnownFileType = sourcecode.swift; path = CameraMan.swift; sourceTree = "<group>"; };
		D200EE9A1E6CA2F000885DBF /* Saver.swift */ = {isa = PBXFileReference; fileEncoding = 4; lastKnownFileType = sourcecode.swift; path = Saver.swift; sourceTree = "<group>"; };
		D200EE9B1E6CA2F000885DBF /* State.swift */ = {isa = PBXFileReference; fileEncoding = 4; lastKnownFileType = sourcecode.swift; path = State.swift; sourceTree = "<group>"; };
		D200EE9D1E6CA2F000885DBF /* Window+Extensions.swift */ = {isa = PBXFileReference; fileEncoding = 4; lastKnownFileType = sourcecode.swift; path = "Window+Extensions.swift"; sourceTree = "<group>"; };
		D200EE9F1E6CA2F000885DBF /* MainViewController.swift */ = {isa = PBXFileReference; fileEncoding = 4; lastKnownFileType = sourcecode.swift; path = MainViewController.swift; sourceTree = "<group>"; };
		D200EEA21E6CA2F000885DBF /* Config.swift */ = {isa = PBXFileReference; fileEncoding = 4; lastKnownFileType = sourcecode.swift; path = Config.swift; sourceTree = "<group>"; };
		D200EEA31E6CA2F000885DBF /* Utils.swift */ = {isa = PBXFileReference; fileEncoding = 4; lastKnownFileType = sourcecode.swift; path = Utils.swift; sourceTree = "<group>"; };
		D207442D1E6E102F0031819D /* Preferences.storyboard */ = {isa = PBXFileReference; fileEncoding = 4; lastKnownFileType = file.storyboard; path = Preferences.storyboard; sourceTree = "<group>"; };
		D20744361E6E1A000031819D /* LoadingIndicator.swift */ = {isa = PBXFileReference; fileEncoding = 4; lastKnownFileType = sourcecode.swift; path = LoadingIndicator.swift; sourceTree = "<group>"; };
		D20CD83C1E675E6100DB57D0 /* GifCapture.app */ = {isa = PBXFileReference; explicitFileType = wrapper.application; includeInIndex = 0; path = GifCapture.app; sourceTree = BUILT_PRODUCTS_DIR; };
		D20CD83F1E675E6100DB57D0 /* AppDelegate.swift */ = {isa = PBXFileReference; lastKnownFileType = sourcecode.swift; path = AppDelegate.swift; sourceTree = "<group>"; };
		D20CD8431E675E6100DB57D0 /* Assets.xcassets */ = {isa = PBXFileReference; lastKnownFileType = folder.assetcatalog; path = Assets.xcassets; sourceTree = "<group>"; };
		D20CD8461E675E6100DB57D0 /* Base */ = {isa = PBXFileReference; lastKnownFileType = file.storyboard; name = Base; path = Base.lproj/Main.storyboard; sourceTree = "<group>"; };
		D20CD8481E675E6100DB57D0 /* Info.plist */ = {isa = PBXFileReference; lastKnownFileType = text.plist.xml; path = Info.plist; sourceTree = "<group>"; };
		D20CD84D1E675E6100DB57D0 /* GifCaptureTests.xctest */ = {isa = PBXFileReference; explicitFileType = wrapper.cfbundle; includeInIndex = 0; path = GifCaptureTests.xctest; sourceTree = BUILT_PRODUCTS_DIR; };
		D20CD8511E675E6100DB57D0 /* GifCaptureTests.swift */ = {isa = PBXFileReference; lastKnownFileType = sourcecode.swift; path = GifCaptureTests.swift; sourceTree = "<group>"; };
		D20CD8531E675E6100DB57D0 /* Info.plist */ = {isa = PBXFileReference; lastKnownFileType = text.plist.xml; path = Info.plist; sourceTree = "<group>"; };
		D20CD8581E675E6100DB57D0 /* GifCaptureUITests.xctest */ = {isa = PBXFileReference; explicitFileType = wrapper.cfbundle; includeInIndex = 0; path = GifCaptureUITests.xctest; sourceTree = BUILT_PRODUCTS_DIR; };
		D20CD85C1E675E6100DB57D0 /* GifCaptureUITests.swift */ = {isa = PBXFileReference; lastKnownFileType = sourcecode.swift; path = GifCaptureUITests.swift; sourceTree = "<group>"; };
		D20CD85E1E675E6100DB57D0 /* Info.plist */ = {isa = PBXFileReference; lastKnownFileType = text.plist.xml; path = Info.plist; sourceTree = "<group>"; };
		D26E16431E6CB136002454A9 /* PreferencesViewController.swift */ = {isa = PBXFileReference; fileEncoding = 4; lastKnownFileType = sourcecode.swift; path = PreferencesViewController.swift; sourceTree = "<group>"; };
		D2D713FF1EE053010028611E /* MainWindowController.swift */ = {isa = PBXFileReference; fileEncoding = 4; lastKnownFileType = sourcecode.swift; path = MainWindowController.swift; sourceTree = "<group>"; };
		D2D93AA421F9171F00E841D6 /* GifCapture copy-Info.plist */ = {isa = PBXFileReference; lastKnownFileType = text.plist.xml; name = "GifCapture copy-Info.plist"; path = "/Users/khoa/XcodeProject2/GifCapture/GifCapture copy-Info.plist"; sourceTree = "<absolute>"; };
		FA4FDBE7A8D8847DE78F8DD8 /* Pods-GifCaptureTests.release.xcconfig */ = {isa = PBXFileReference; includeInIndex = 1; lastKnownFileType = text.xcconfig; name = "Pods-GifCaptureTests.release.xcconfig"; path = "Pods/Target Support Files/Pods-GifCaptureTests/Pods-GifCaptureTests.release.xcconfig"; sourceTree = "<group>"; };
/* End PBXFileReference section */

/* Begin PBXFrameworksBuildPhase section */
		D20CD8391E675E6100DB57D0 /* Frameworks */ = {
			isa = PBXFrameworksBuildPhase;
			buildActionMask = 2147483647;
			files = (
				E2221D6DF71019C7FA233B28 /* Pods_GifCapture.framework in Frameworks */,
			);
			runOnlyForDeploymentPostprocessing = 0;
		};
		D20CD84A1E675E6100DB57D0 /* Frameworks */ = {
			isa = PBXFrameworksBuildPhase;
			buildActionMask = 2147483647;
			files = (
				FF6AF4B1B295F6EE41AFA87F /* Pods_GifCaptureTests.framework in Frameworks */,
			);
			runOnlyForDeploymentPostprocessing = 0;
		};
		D20CD8551E675E6100DB57D0 /* Frameworks */ = {
			isa = PBXFrameworksBuildPhase;
			buildActionMask = 2147483647;
			files = (
				753F89B7B93D88F4CFE8E883 /* Pods_GifCaptureUITests.framework in Frameworks */,
			);
			runOnlyForDeploymentPostprocessing = 0;
		};
/* End PBXFrameworksBuildPhase section */

/* Begin PBXGroup section */
		0B8899775B91AA49668FD6E5 /* Frameworks */ = {
			isa = PBXGroup;
			children = (
				7DC4A9D56F79C553C701FEA8 /* Pods_GifCapture.framework */,
				91867EE54E45E197AAAB2E98 /* Pods_GifCaptureTests.framework */,
				A4013FD43AD6C3CA427065F8 /* Pods_GifCaptureUITests.framework */,
			);
			name = Frameworks;
			sourceTree = "<group>";
		};
		485F78FEC54BBA3DA1BD40D1 /* Pods */ = {
			isa = PBXGroup;
			children = (
				60D6F78C276C230867BD2300 /* Pods-GifCapture.debug.xcconfig */,
				9AE5F426746B05510203A0AF /* Pods-GifCapture.release.xcconfig */,
				565F8D412AFA5B3231244FC8 /* Pods-GifCaptureTests.debug.xcconfig */,
				FA4FDBE7A8D8847DE78F8DD8 /* Pods-GifCaptureTests.release.xcconfig */,
				5A63DE095C30461F3A77D650 /* Pods-GifCaptureUITests.debug.xcconfig */,
				2B2523A937D9CBBE1B82A712 /* Pods-GifCaptureUITests.release.xcconfig */,
			);
			name = Pods;
			sourceTree = "<group>";
		};
		D200EE981E6CA2F000885DBF /* Camera */ = {
			isa = PBXGroup;
			children = (
				D200EE991E6CA2F000885DBF /* CameraMan.swift */,
				D200EE9A1E6CA2F000885DBF /* Saver.swift */,
				D200EE9B1E6CA2F000885DBF /* State.swift */,
			);
			path = Camera;
			sourceTree = "<group>";
		};
		D200EE9C1E6CA2F000885DBF /* Extensions */ = {
			isa = PBXGroup;
			children = (
				D200EE9D1E6CA2F000885DBF /* Window+Extensions.swift */,
			);
			path = Extensions;
			sourceTree = "<group>";
		};
		D200EE9E1E6CA2F000885DBF /* Main */ = {
			isa = PBXGroup;
			children = (
				D20CD8451E675E6100DB57D0 /* Main.storyboard */,
				D200EE9F1E6CA2F000885DBF /* MainViewController.swift */,
				D2D713FF1EE053010028611E /* MainWindowController.swift */,
			);
			path = Main;
			sourceTree = "<group>";
		};
		D200EEA01E6CA2F000885DBF /* Preference */ = {
			isa = PBXGroup;
			children = (
				D207442D1E6E102F0031819D /* Preferences.storyboard */,
				D26E16431E6CB136002454A9 /* PreferencesViewController.swift */,
			);
			path = Preference;
			sourceTree = "<group>";
		};
		D200EEA11E6CA2F000885DBF /* Utils */ = {
			isa = PBXGroup;
			children = (
				D20744361E6E1A000031819D /* LoadingIndicator.swift */,
				D200EEA21E6CA2F000885DBF /* Config.swift */,
				D200EEA31E6CA2F000885DBF /* Utils.swift */,
			);
			path = Utils;
			sourceTree = "<group>";
		};
		D20CD8331E675E6100DB57D0 = {
			isa = PBXGroup;
			children = (
				D20CD83E1E675E6100DB57D0 /* GifCapture */,
				D20CD8501E675E6100DB57D0 /* GifCaptureTests */,
				D20CD85B1E675E6100DB57D0 /* GifCaptureUITests */,
				D20CD83D1E675E6100DB57D0 /* Products */,
				485F78FEC54BBA3DA1BD40D1 /* Pods */,
				0B8899775B91AA49668FD6E5 /* Frameworks */,
				D2D93AA421F9171F00E841D6 /* GifCapture copy-Info.plist */,
			);
			sourceTree = "<group>";
		};
		D20CD83D1E675E6100DB57D0 /* Products */ = {
			isa = PBXGroup;
			children = (
				D20CD83C1E675E6100DB57D0 /* GifCapture.app */,
				D20CD84D1E675E6100DB57D0 /* GifCaptureTests.xctest */,
				D20CD8581E675E6100DB57D0 /* GifCaptureUITests.xctest */,
			);
			name = Products;
			sourceTree = "<group>";
		};
		D20CD83E1E675E6100DB57D0 /* GifCapture */ = {
			isa = PBXGroup;
			children = (
				D200EE981E6CA2F000885DBF /* Camera */,
				D200EE9C1E6CA2F000885DBF /* Extensions */,
				D200EE9E1E6CA2F000885DBF /* Main */,
				D200EEA01E6CA2F000885DBF /* Preference */,
				D200EEA11E6CA2F000885DBF /* Utils */,
				D20CD83F1E675E6100DB57D0 /* AppDelegate.swift */,
				D20CD8431E675E6100DB57D0 /* Assets.xcassets */,
				D20CD8481E675E6100DB57D0 /* Info.plist */,
			);
			path = GifCapture;
			sourceTree = "<group>";
		};
		D20CD8501E675E6100DB57D0 /* GifCaptureTests */ = {
			isa = PBXGroup;
			children = (
				D20CD8511E675E6100DB57D0 /* GifCaptureTests.swift */,
				D20CD8531E675E6100DB57D0 /* Info.plist */,
			);
			path = GifCaptureTests;
			sourceTree = "<group>";
		};
		D20CD85B1E675E6100DB57D0 /* GifCaptureUITests */ = {
			isa = PBXGroup;
			children = (
				D20CD85C1E675E6100DB57D0 /* GifCaptureUITests.swift */,
				D20CD85E1E675E6100DB57D0 /* Info.plist */,
			);
			path = GifCaptureUITests;
			sourceTree = "<group>";
		};
/* End PBXGroup section */

/* Begin PBXNativeTarget section */
		D20CD83B1E675E6100DB57D0 /* GifCapture */ = {
			isa = PBXNativeTarget;
			buildConfigurationList = D20CD8611E675E6100DB57D0 /* Build configuration list for PBXNativeTarget "GifCapture" */;
			buildPhases = (
				568CE11FC7756A4A3786307A /* [CP] Check Pods Manifest.lock */,
				D20CD8381E675E6100DB57D0 /* Sources */,
				D20CD8391E675E6100DB57D0 /* Frameworks */,
				D20CD83A1E675E6100DB57D0 /* Resources */,
				5A59E4198CBA8610EC91770A /* [CP] Embed Pods Frameworks */,
				8B28CF1FADFEF92C32C7E117 /* [CP] Copy Pods Resources */,
			);
			buildRules = (
			);
			dependencies = (
			);
			name = GifCapture;
			productName = GifCapture;
			productReference = D20CD83C1E675E6100DB57D0 /* GifCapture.app */;
			productType = "com.apple.product-type.application";
		};
		D20CD84C1E675E6100DB57D0 /* GifCaptureTests */ = {
			isa = PBXNativeTarget;
			buildConfigurationList = D20CD8641E675E6100DB57D0 /* Build configuration list for PBXNativeTarget "GifCaptureTests" */;
			buildPhases = (
				01EF9A822BC6CBE013B34957 /* [CP] Check Pods Manifest.lock */,
				D20CD8491E675E6100DB57D0 /* Sources */,
				D20CD84A1E675E6100DB57D0 /* Frameworks */,
				D20CD84B1E675E6100DB57D0 /* Resources */,
				F1B5DACF488F6A431E9A2098 /* [CP] Embed Pods Frameworks */,
				17C20C11498762FE6E058345 /* [CP] Copy Pods Resources */,
			);
			buildRules = (
			);
			dependencies = (
				D20CD84F1E675E6100DB57D0 /* PBXTargetDependency */,
			);
			name = GifCaptureTests;
			productName = GifCaptureTests;
			productReference = D20CD84D1E675E6100DB57D0 /* GifCaptureTests.xctest */;
			productType = "com.apple.product-type.bundle.unit-test";
		};
		D20CD8571E675E6100DB57D0 /* GifCaptureUITests */ = {
			isa = PBXNativeTarget;
			buildConfigurationList = D20CD8671E675E6100DB57D0 /* Build configuration list for PBXNativeTarget "GifCaptureUITests" */;
			buildPhases = (
				FAE3E8F0F7016E9FDCD36804 /* [CP] Check Pods Manifest.lock */,
				D20CD8541E675E6100DB57D0 /* Sources */,
				D20CD8551E675E6100DB57D0 /* Frameworks */,
				D20CD8561E675E6100DB57D0 /* Resources */,
				77E1FAEA37DAE69C85A6850A /* [CP] Embed Pods Frameworks */,
				60FD14E7F98860ACB66B7AD8 /* [CP] Copy Pods Resources */,
			);
			buildRules = (
			);
			dependencies = (
				D20CD85A1E675E6100DB57D0 /* PBXTargetDependency */,
			);
			name = GifCaptureUITests;
			productName = GifCaptureUITests;
			productReference = D20CD8581E675E6100DB57D0 /* GifCaptureUITests.xctest */;
			productType = "com.apple.product-type.bundle.ui-testing";
		};
/* End PBXNativeTarget section */

/* Begin PBXProject section */
		D20CD8341E675E6100DB57D0 /* Project object */ = {
			isa = PBXProject;
			attributes = {
				LastSwiftUpdateCheck = 0820;
				LastUpgradeCheck = 1010;
				ORGANIZATIONNAME = Fantageek;
				TargetAttributes = {
					D20CD83B1E675E6100DB57D0 = {
						CreatedOnToolsVersion = 8.2.1;
						ProvisioningStyle = Automatic;
					};
					D20CD84C1E675E6100DB57D0 = {
						CreatedOnToolsVersion = 8.2.1;
						ProvisioningStyle = Automatic;
						TestTargetID = D20CD83B1E675E6100DB57D0;
					};
					D20CD8571E675E6100DB57D0 = {
						CreatedOnToolsVersion = 8.2.1;
						ProvisioningStyle = Automatic;
						TestTargetID = D20CD83B1E675E6100DB57D0;
					};
				};
			};
			buildConfigurationList = D20CD8371E675E6100DB57D0 /* Build configuration list for PBXProject "GifCapture" */;
			compatibilityVersion = "Xcode 3.2";
			developmentRegion = English;
			hasScannedForEncodings = 0;
			knownRegions = (
				en,
				Base,
			);
			mainGroup = D20CD8331E675E6100DB57D0;
			productRefGroup = D20CD83D1E675E6100DB57D0 /* Products */;
			projectDirPath = "";
			projectRoot = "";
			targets = (
				D20CD83B1E675E6100DB57D0 /* GifCapture */,
				D20CD84C1E675E6100DB57D0 /* GifCaptureTests */,
				D20CD8571E675E6100DB57D0 /* GifCaptureUITests */,
			);
		};
/* End PBXProject section */

/* Begin PBXResourcesBuildPhase section */
		D20CD83A1E675E6100DB57D0 /* Resources */ = {
			isa = PBXResourcesBuildPhase;
			buildActionMask = 2147483647;
			files = (
				D207442E1E6E102F0031819D /* Preferences.storyboard in Resources */,
				D20CD8441E675E6100DB57D0 /* Assets.xcassets in Resources */,
				D20CD8471E675E6100DB57D0 /* Main.storyboard in Resources */,
			);
			runOnlyForDeploymentPostprocessing = 0;
		};
		D20CD84B1E675E6100DB57D0 /* Resources */ = {
			isa = PBXResourcesBuildPhase;
			buildActionMask = 2147483647;
			files = (
			);
			runOnlyForDeploymentPostprocessing = 0;
		};
		D20CD8561E675E6100DB57D0 /* Resources */ = {
			isa = PBXResourcesBuildPhase;
			buildActionMask = 2147483647;
			files = (
			);
			runOnlyForDeploymentPostprocessing = 0;
		};
/* End PBXResourcesBuildPhase section */

/* Begin PBXShellScriptBuildPhase section */
		01EF9A822BC6CBE013B34957 /* [CP] Check Pods Manifest.lock */ = {
			isa = PBXShellScriptBuildPhase;
			buildActionMask = 2147483647;
			files = (
			);
			inputPaths = (
			);
			name = "[CP] Check Pods Manifest.lock";
			outputPaths = (
			);
			runOnlyForDeploymentPostprocessing = 0;
			shellPath = /bin/sh;
			shellScript = "diff \"${PODS_PODFILE_DIR_PATH}/Podfile.lock\" \"${PODS_ROOT}/Manifest.lock\" > /dev/null\nif [ $? != 0 ] ; then\n    # print error to STDERR\n    echo \"error: The sandbox is not in sync with the Podfile.lock. Run 'pod install' or update your CocoaPods installation.\" >&2\n    exit 1\nfi\n";
			showEnvVarsInLog = 0;
		};
		17C20C11498762FE6E058345 /* [CP] Copy Pods Resources */ = {
			isa = PBXShellScriptBuildPhase;
			buildActionMask = 2147483647;
			files = (
			);
			inputPaths = (
			);
			name = "[CP] Copy Pods Resources";
			outputPaths = (
			);
			runOnlyForDeploymentPostprocessing = 0;
			shellPath = /bin/sh;
			shellScript = "\"${SRCROOT}/Pods/Target Support Files/Pods-GifCaptureTests/Pods-GifCaptureTests-resources.sh\"\n";
			showEnvVarsInLog = 0;
		};
		568CE11FC7756A4A3786307A /* [CP] Check Pods Manifest.lock */ = {
			isa = PBXShellScriptBuildPhase;
			buildActionMask = 2147483647;
			files = (
			);
			inputPaths = (
			);
			name = "[CP] Check Pods Manifest.lock";
			outputPaths = (
			);
			runOnlyForDeploymentPostprocessing = 0;
			shellPath = /bin/sh;
			shellScript = "diff \"${PODS_PODFILE_DIR_PATH}/Podfile.lock\" \"${PODS_ROOT}/Manifest.lock\" > /dev/null\nif [ $? != 0 ] ; then\n    # print error to STDERR\n    echo \"error: The sandbox is not in sync with the Podfile.lock. Run 'pod install' or update your CocoaPods installation.\" >&2\n    exit 1\nfi\n";
			showEnvVarsInLog = 0;
		};
		5A59E4198CBA8610EC91770A /* [CP] Embed Pods Frameworks */ = {
			isa = PBXShellScriptBuildPhase;
			buildActionMask = 2147483647;
			files = (
			);
			inputPaths = (
			);
			name = "[CP] Embed Pods Frameworks";
			outputPaths = (
			);
			runOnlyForDeploymentPostprocessing = 0;
			shellPath = /bin/sh;
			shellScript = "\"${SRCROOT}/Pods/Target Support Files/Pods-GifCapture/Pods-GifCapture-frameworks.sh\"\n";
			showEnvVarsInLog = 0;
		};
		60FD14E7F98860ACB66B7AD8 /* [CP] Copy Pods Resources */ = {
			isa = PBXShellScriptBuildPhase;
			buildActionMask = 2147483647;
			files = (
			);
			inputPaths = (
			);
			name = "[CP] Copy Pods Resources";
			outputPaths = (
			);
			runOnlyForDeploymentPostprocessing = 0;
			shellPath = /bin/sh;
			shellScript = "\"${SRCROOT}/Pods/Target Support Files/Pods-GifCaptureUITests/Pods-GifCaptureUITests-resources.sh\"\n";
			showEnvVarsInLog = 0;
		};
		77E1FAEA37DAE69C85A6850A /* [CP] Embed Pods Frameworks */ = {
			isa = PBXShellScriptBuildPhase;
			buildActionMask = 2147483647;
			files = (
			);
			inputPaths = (
			);
			name = "[CP] Embed Pods Frameworks";
			outputPaths = (
			);
			runOnlyForDeploymentPostprocessing = 0;
			shellPath = /bin/sh;
			shellScript = "\"${SRCROOT}/Pods/Target Support Files/Pods-GifCaptureUITests/Pods-GifCaptureUITests-frameworks.sh\"\n";
			showEnvVarsInLog = 0;
		};
		8B28CF1FADFEF92C32C7E117 /* [CP] Copy Pods Resources */ = {
			isa = PBXShellScriptBuildPhase;
			buildActionMask = 2147483647;
			files = (
			);
			inputPaths = (
			);
			name = "[CP] Copy Pods Resources";
			outputPaths = (
			);
			runOnlyForDeploymentPostprocessing = 0;
			shellPath = /bin/sh;
			shellScript = "\"${SRCROOT}/Pods/Target Support Files/Pods-GifCapture/Pods-GifCapture-resources.sh\"\n";
			showEnvVarsInLog = 0;
		};
		F1B5DACF488F6A431E9A2098 /* [CP] Embed Pods Frameworks */ = {
			isa = PBXShellScriptBuildPhase;
			buildActionMask = 2147483647;
			files = (
			);
			inputPaths = (
			);
			name = "[CP] Embed Pods Frameworks";
			outputPaths = (
			);
			runOnlyForDeploymentPostprocessing = 0;
			shellPath = /bin/sh;
			shellScript = "\"${SRCROOT}/Pods/Target Support Files/Pods-GifCaptureTests/Pods-GifCaptureTests-frameworks.sh\"\n";
			showEnvVarsInLog = 0;
		};
		FAE3E8F0F7016E9FDCD36804 /* [CP] Check Pods Manifest.lock */ = {
			isa = PBXShellScriptBuildPhase;
			buildActionMask = 2147483647;
			files = (
			);
			inputPaths = (
			);
			name = "[CP] Check Pods Manifest.lock";
			outputPaths = (
			);
			runOnlyForDeploymentPostprocessing = 0;
			shellPath = /bin/sh;
			shellScript = "diff \"${PODS_PODFILE_DIR_PATH}/Podfile.lock\" \"${PODS_ROOT}/Manifest.lock\" > /dev/null\nif [ $? != 0 ] ; then\n    # print error to STDERR\n    echo \"error: The sandbox is not in sync with the Podfile.lock. Run 'pod install' or update your CocoaPods installation.\" >&2\n    exit 1\nfi\n";
			showEnvVarsInLog = 0;
		};
/* End PBXShellScriptBuildPhase section */

/* Begin PBXSourcesBuildPhase section */
		D20CD8381E675E6100DB57D0 /* Sources */ = {
			isa = PBXSourcesBuildPhase;
			buildActionMask = 2147483647;
			files = (
				D20CD8401E675E6100DB57D0 /* AppDelegate.swift in Sources */,
				D200EEA41E6CA2F000885DBF /* CameraMan.swift in Sources */,
				D20744371E6E1A000031819D /* LoadingIndicator.swift in Sources */,
				D26E16441E6CB136002454A9 /* PreferencesViewController.swift in Sources */,
				D200EEA51E6CA2F000885DBF /* Saver.swift in Sources */,
				D200EEA91E6CA2F000885DBF /* Config.swift in Sources */,
				D200EEA81E6CA2F000885DBF /* MainViewController.swift in Sources */,
				D200EEA61E6CA2F000885DBF /* State.swift in Sources */,
				D2D714001EE053010028611E /* MainWindowController.swift in Sources */,
				D200EEA71E6CA2F000885DBF /* Window+Extensions.swift in Sources */,
				D200EEAA1E6CA2F000885DBF /* Utils.swift in Sources */,
			);
			runOnlyForDeploymentPostprocessing = 0;
		};
		D20CD8491E675E6100DB57D0 /* Sources */ = {
			isa = PBXSourcesBuildPhase;
			buildActionMask = 2147483647;
			files = (
				D20CD8521E675E6100DB57D0 /* GifCaptureTests.swift in Sources */,
			);
			runOnlyForDeploymentPostprocessing = 0;
		};
		D20CD8541E675E6100DB57D0 /* Sources */ = {
			isa = PBXSourcesBuildPhase;
			buildActionMask = 2147483647;
			files = (
				D20CD85D1E675E6100DB57D0 /* GifCaptureUITests.swift in Sources */,
			);
			runOnlyForDeploymentPostprocessing = 0;
		};
/* End PBXSourcesBuildPhase section */

/* Begin PBXTargetDependency section */
		D20CD84F1E675E6100DB57D0 /* PBXTargetDependency */ = {
			isa = PBXTargetDependency;
			target = D20CD83B1E675E6100DB57D0 /* GifCapture */;
			targetProxy = D20CD84E1E675E6100DB57D0 /* PBXContainerItemProxy */;
		};
		D20CD85A1E675E6100DB57D0 /* PBXTargetDependency */ = {
			isa = PBXTargetDependency;
			target = D20CD83B1E675E6100DB57D0 /* GifCapture */;
			targetProxy = D20CD8591E675E6100DB57D0 /* PBXContainerItemProxy */;
		};
/* End PBXTargetDependency section */

/* Begin PBXVariantGroup section */
		D20CD8451E675E6100DB57D0 /* Main.storyboard */ = {
			isa = PBXVariantGroup;
			children = (
				D20CD8461E675E6100DB57D0 /* Base */,
			);
			name = Main.storyboard;
			path = ..;
			sourceTree = "<group>";
		};
/* End PBXVariantGroup section */

/* Begin XCBuildConfiguration section */
		D20CD85F1E675E6100DB57D0 /* Debug */ = {
			isa = XCBuildConfiguration;
			buildSettings = {
				ALWAYS_SEARCH_USER_PATHS = NO;
				CLANG_ANALYZER_NONNULL = YES;
				CLANG_CXX_LANGUAGE_STANDARD = "gnu++0x";
				CLANG_CXX_LIBRARY = "libc++";
				CLANG_ENABLE_MODULES = YES;
				CLANG_ENABLE_OBJC_ARC = YES;
				CLANG_WARN_BLOCK_CAPTURE_AUTORELEASING = YES;
				CLANG_WARN_BOOL_CONVERSION = YES;
				CLANG_WARN_COMMA = YES;
				CLANG_WARN_CONSTANT_CONVERSION = YES;
				CLANG_WARN_DEPRECATED_OBJC_IMPLEMENTATIONS = YES;
				CLANG_WARN_DIRECT_OBJC_ISA_USAGE = YES_ERROR;
				CLANG_WARN_DOCUMENTATION_COMMENTS = YES;
				CLANG_WARN_EMPTY_BODY = YES;
				CLANG_WARN_ENUM_CONVERSION = YES;
				CLANG_WARN_INFINITE_RECURSION = YES;
				CLANG_WARN_INT_CONVERSION = YES;
				CLANG_WARN_NON_LITERAL_NULL_CONVERSION = YES;
				CLANG_WARN_OBJC_IMPLICIT_RETAIN_SELF = YES;
				CLANG_WARN_OBJC_LITERAL_CONVERSION = YES;
				CLANG_WARN_OBJC_ROOT_CLASS = YES_ERROR;
				CLANG_WARN_RANGE_LOOP_ANALYSIS = YES;
				CLANG_WARN_STRICT_PROTOTYPES = YES;
				CLANG_WARN_SUSPICIOUS_MOVE = YES;
				CLANG_WARN_UNREACHABLE_CODE = YES;
				CLANG_WARN__DUPLICATE_METHOD_MATCH = YES;
				CODE_SIGN_IDENTITY = "-";
				COPY_PHASE_STRIP = NO;
				DEBUG_INFORMATION_FORMAT = dwarf;
				ENABLE_STRICT_OBJC_MSGSEND = YES;
				ENABLE_TESTABILITY = YES;
				GCC_C_LANGUAGE_STANDARD = gnu99;
				GCC_DYNAMIC_NO_PIC = NO;
				GCC_NO_COMMON_BLOCKS = YES;
				GCC_OPTIMIZATION_LEVEL = 0;
				GCC_PREPROCESSOR_DEFINITIONS = (
					"DEBUG=1",
					"$(inherited)",
				);
				GCC_WARN_64_TO_32_BIT_CONVERSION = YES;
				GCC_WARN_ABOUT_RETURN_TYPE = YES_ERROR;
				GCC_WARN_UNDECLARED_SELECTOR = YES;
				GCC_WARN_UNINITIALIZED_AUTOS = YES_AGGRESSIVE;
				GCC_WARN_UNUSED_FUNCTION = YES;
				GCC_WARN_UNUSED_VARIABLE = YES;
				MACOSX_DEPLOYMENT_TARGET = 10.12;
				MTL_ENABLE_DEBUG_INFO = YES;
				ONLY_ACTIVE_ARCH = YES;
				SDKROOT = macosx;
				SWIFT_ACTIVE_COMPILATION_CONDITIONS = DEBUG;
				SWIFT_OPTIMIZATION_LEVEL = "-Onone";
				SWIFT_VERSION = 4.2;
			};
			name = Debug;
		};
		D20CD8601E675E6100DB57D0 /* Release */ = {
			isa = XCBuildConfiguration;
			buildSettings = {
				ALWAYS_SEARCH_USER_PATHS = NO;
				CLANG_ANALYZER_NONNULL = YES;
				CLANG_CXX_LANGUAGE_STANDARD = "gnu++0x";
				CLANG_CXX_LIBRARY = "libc++";
				CLANG_ENABLE_MODULES = YES;
				CLANG_ENABLE_OBJC_ARC = YES;
				CLANG_WARN_BLOCK_CAPTURE_AUTORELEASING = YES;
				CLANG_WARN_BOOL_CONVERSION = YES;
				CLANG_WARN_COMMA = YES;
				CLANG_WARN_CONSTANT_CONVERSION = YES;
				CLANG_WARN_DEPRECATED_OBJC_IMPLEMENTATIONS = YES;
				CLANG_WARN_DIRECT_OBJC_ISA_USAGE = YES_ERROR;
				CLANG_WARN_DOCUMENTATION_COMMENTS = YES;
				CLANG_WARN_EMPTY_BODY = YES;
				CLANG_WARN_ENUM_CONVERSION = YES;
				CLANG_WARN_INFINITE_RECURSION = YES;
				CLANG_WARN_INT_CONVERSION = YES;
				CLANG_WARN_NON_LITERAL_NULL_CONVERSION = YES;
				CLANG_WARN_OBJC_IMPLICIT_RETAIN_SELF = YES;
				CLANG_WARN_OBJC_LITERAL_CONVERSION = YES;
				CLANG_WARN_OBJC_ROOT_CLASS = YES_ERROR;
				CLANG_WARN_RANGE_LOOP_ANALYSIS = YES;
				CLANG_WARN_STRICT_PROTOTYPES = YES;
				CLANG_WARN_SUSPICIOUS_MOVE = YES;
				CLANG_WARN_UNREACHABLE_CODE = YES;
				CLANG_WARN__DUPLICATE_METHOD_MATCH = YES;
				CODE_SIGN_IDENTITY = "-";
				COPY_PHASE_STRIP = NO;
				DEBUG_INFORMATION_FORMAT = "dwarf-with-dsym";
				ENABLE_NS_ASSERTIONS = NO;
				ENABLE_STRICT_OBJC_MSGSEND = YES;
				GCC_C_LANGUAGE_STANDARD = gnu99;
				GCC_NO_COMMON_BLOCKS = YES;
				GCC_WARN_64_TO_32_BIT_CONVERSION = YES;
				GCC_WARN_ABOUT_RETURN_TYPE = YES_ERROR;
				GCC_WARN_UNDECLARED_SELECTOR = YES;
				GCC_WARN_UNINITIALIZED_AUTOS = YES_AGGRESSIVE;
				GCC_WARN_UNUSED_FUNCTION = YES;
				GCC_WARN_UNUSED_VARIABLE = YES;
				MACOSX_DEPLOYMENT_TARGET = 10.12;
				MTL_ENABLE_DEBUG_INFO = NO;
				SDKROOT = macosx;
				SWIFT_OPTIMIZATION_LEVEL = "-Owholemodule";
				SWIFT_VERSION = 4.2;
			};
			name = Release;
		};
		D20CD8621E675E6100DB57D0 /* Debug */ = {
			isa = XCBuildConfiguration;
			baseConfigurationReference = 60D6F78C276C230867BD2300 /* Pods-GifCapture.debug.xcconfig */;
			buildSettings = {
				ASSETCATALOG_COMPILER_APPICON_NAME = AppIcon;
				COMBINE_HIDPI_IMAGES = YES;
				INFOPLIST_FILE = GifCapture/Info.plist;
				LD_RUNPATH_SEARCH_PATHS = "$(inherited) @executable_path/../Frameworks";
				MACOSX_DEPLOYMENT_TARGET = 10.11;
				PRODUCT_BUNDLE_IDENTIFIER = com.fantageek.GifCapture;
				PRODUCT_NAME = "$(TARGET_NAME)";
			};
			name = Debug;
		};
		D20CD8631E675E6100DB57D0 /* Release */ = {
			isa = XCBuildConfiguration;
			baseConfigurationReference = 9AE5F426746B05510203A0AF /* Pods-GifCapture.release.xcconfig */;
			buildSettings = {
				ASSETCATALOG_COMPILER_APPICON_NAME = AppIcon;
				COMBINE_HIDPI_IMAGES = YES;
				INFOPLIST_FILE = GifCapture/Info.plist;
				LD_RUNPATH_SEARCH_PATHS = "$(inherited) @executable_path/../Frameworks";
				MACOSX_DEPLOYMENT_TARGET = 10.11;
				PRODUCT_BUNDLE_IDENTIFIER = com.fantageek.GifCapture;
				PRODUCT_NAME = "$(TARGET_NAME)";
			};
			name = Release;
		};
		D20CD8651E675E6100DB57D0 /* Debug */ = {
			isa = XCBuildConfiguration;
			baseConfigurationReference = 565F8D412AFA5B3231244FC8 /* Pods-GifCaptureTests.debug.xcconfig */;
			buildSettings = {
				ALWAYS_EMBED_SWIFT_STANDARD_LIBRARIES = YES;
				BUNDLE_LOADER = "$(TEST_HOST)";
				COMBINE_HIDPI_IMAGES = YES;
				INFOPLIST_FILE = GifCaptureTests/Info.plist;
				LD_RUNPATH_SEARCH_PATHS = "$(inherited) @executable_path/../Frameworks @loader_path/../Frameworks";
				PRODUCT_BUNDLE_IDENTIFIER = com.fantageek.GifCaptureTests;
				PRODUCT_NAME = "$(TARGET_NAME)";
				TEST_HOST = "$(BUILT_PRODUCTS_DIR)/GifCapture.app/Contents/MacOS/GifCapture";
			};
			name = Debug;
		};
		D20CD8661E675E6100DB57D0 /* Release */ = {
			isa = XCBuildConfiguration;
			baseConfigurationReference = FA4FDBE7A8D8847DE78F8DD8 /* Pods-GifCaptureTests.release.xcconfig */;
			buildSettings = {
				ALWAYS_EMBED_SWIFT_STANDARD_LIBRARIES = YES;
				BUNDLE_LOADER = "$(TEST_HOST)";
				COMBINE_HIDPI_IMAGES = YES;
				INFOPLIST_FILE = GifCaptureTests/Info.plist;
				LD_RUNPATH_SEARCH_PATHS = "$(inherited) @executable_path/../Frameworks @loader_path/../Frameworks";
				PRODUCT_BUNDLE_IDENTIFIER = com.fantageek.GifCaptureTests;
				PRODUCT_NAME = "$(TARGET_NAME)";
				TEST_HOST = "$(BUILT_PRODUCTS_DIR)/GifCapture.app/Contents/MacOS/GifCapture";
			};
			name = Release;
		};
		D20CD8681E675E6100DB57D0 /* Debug */ = {
			isa = XCBuildConfiguration;
			baseConfigurationReference = 5A63DE095C30461F3A77D650 /* Pods-GifCaptureUITests.debug.xcconfig */;
			buildSettings = {
				ALWAYS_EMBED_SWIFT_STANDARD_LIBRARIES = YES;
				COMBINE_HIDPI_IMAGES = YES;
				INFOPLIST_FILE = GifCaptureUITests/Info.plist;
				LD_RUNPATH_SEARCH_PATHS = "$(inherited) @executable_path/../Frameworks @loader_path/../Frameworks";
				PRODUCT_BUNDLE_IDENTIFIER = com.fantageek.GifCaptureUITests;
				PRODUCT_NAME = "$(TARGET_NAME)";
				TEST_TARGET_NAME = GifCapture;
			};
			name = Debug;
		};
		D20CD8691E675E6100DB57D0 /* Release */ = {
			isa = XCBuildConfiguration;
			baseConfigurationReference = 2B2523A937D9CBBE1B82A712 /* Pods-GifCaptureUITests.release.xcconfig */;
			buildSettings = {
				ALWAYS_EMBED_SWIFT_STANDARD_LIBRARIES = YES;
				COMBINE_HIDPI_IMAGES = YES;
				INFOPLIST_FILE = GifCaptureUITests/Info.plist;
				LD_RUNPATH_SEARCH_PATHS = "$(inherited) @executable_path/../Frameworks @loader_path/../Frameworks";
				PRODUCT_BUNDLE_IDENTIFIER = com.fantageek.GifCaptureUITests;
				PRODUCT_NAME = "$(TARGET_NAME)";
				TEST_TARGET_NAME = GifCapture;
			};
			name = Release;
		};
/* End XCBuildConfiguration section */

/* Begin XCConfigurationList section */
		D20CD8371E675E6100DB57D0 /* Build configuration list for PBXProject "GifCapture" */ = {
			isa = XCConfigurationList;
			buildConfigurations = (
				D20CD85F1E675E6100DB57D0 /* Debug */,
				D20CD8601E675E6100DB57D0 /* Release */,
			);
			defaultConfigurationIsVisible = 0;
			defaultConfigurationName = Release;
		};
		D20CD8611E675E6100DB57D0 /* Build configuration list for PBXNativeTarget "GifCapture" */ = {
			isa = XCConfigurationList;
			buildConfigurations = (
				D20CD8621E675E6100DB57D0 /* Debug */,
				D20CD8631E675E6100DB57D0 /* Release */,
			);
			defaultConfigurationIsVisible = 0;
			defaultConfigurationName = Release;
		};
		D20CD8641E675E6100DB57D0 /* Build configuration list for PBXNativeTarget "GifCaptureTests" */ = {
			isa = XCConfigurationList;
			buildConfigurations = (
				D20CD8651E675E6100DB57D0 /* Debug */,
				D20CD8661E675E6100DB57D0 /* Release */,
			);
			defaultConfigurationIsVisible = 0;
			defaultConfigurationName = Release;
		};
		D20CD8671E675E6100DB57D0 /* Build configuration list for PBXNativeTarget "GifCaptureUITests" */ = {
			isa = XCConfigurationList;
			buildConfigurations = (
				D20CD8681E675E6100DB57D0 /* Debug */,
				D20CD8691E675E6100DB57D0 /* Release */,
			);
			defaultConfigurationIsVisible = 0;
			defaultConfigurationName = Release;
		};
/* End XCConfigurationList section */
	};
	rootObject = D20CD8341E675E6100DB57D0 /* Project object */;
}
